
Microsoft Visual Studio Solution File, Format Version 12.00
# Visual Studio Version 17
VisualStudioVersion = 17.5.33516.290
MinimumVisualStudioVersion = 10.0.40219.1
Project("{9A19103F-16F7-4668-BE54-9A1E7A4F7556}") = "Polyglot.WebUI", "Polyglot.WebUI\Polyglot.WebUI.csproj", "{B68D8A3E-2AD9-42CD-A30A-2434D7E72E33}"
EndProject
Project("{9A19103F-16F7-4668-BE54-9A1E7A4F7556}") = "Polyglot.Application", "Polyglot.Application\Polyglot.Application.csproj", "{3245EB98-9D4C-4375-A54F-B930F4D19D9B}"
EndProject
Global
	GlobalSection(SolutionConfigurationPlatforms) = preSolution
		Debug|Any CPU = Debug|Any CPU
		Release|Any CPU = Release|Any CPU
	EndGlobalSection
	GlobalSection(ProjectConfigurationPlatforms) = postSolution
		{B68D8A3E-2AD9-42CD-A30A-2434D7E72E33}.Debug|Any CPU.ActiveCfg = Debug|Any CPU
		{B68D8A3E-2AD9-42CD-A30A-2434D7E72E33}.Debug|Any CPU.Build.0 = Debug|Any CPU
		{B68D8A3E-2AD9-42CD-A30A-2434D7E72E33}.Release|Any CPU.ActiveCfg = Release|Any CPU
		{B68D8A3E-2AD9-42CD-A30A-2434D7E72E33}.Release|Any CPU.Build.0 = Release|Any CPU
		{3245EB98-9D4C-4375-A54F-B930F4D19D9B}.Debug|Any CPU.ActiveCfg = Debug|Any CPU
		{3245EB98-9D4C-4375-A54F-B930F4D19D9B}.Debug|Any CPU.Build.0 = Debug|Any CPU
		{3245EB98-9D4C-4375-A54F-B930F4D19D9B}.Release|Any CPU.ActiveCfg = Release|Any CPU
		{3245EB98-9D4C-4375-A54F-B930F4D19D9B}.Release|Any CPU.Build.0 = Release|Any CPU
	EndGlobalSection
	GlobalSection(SolutionProperties) = preSolution
		HideSolutionNode = FALSE
	EndGlobalSection
	GlobalSection(ExtensibilityGlobals) = postSolution
		SolutionGuid = {A4E76EB9-7A31-4655-8182-81C64F2665B3}
	EndGlobalSection
EndGlobal
